
Microsoft Visual Studio Solution File, Format Version 12.00
# Visual Studio Version 17
VisualStudioVersion = 17.3.32901.215
MinimumVisualStudioVersion = 10.0.40219.1
Project("{9A19103F-16F7-4668-BE54-9A1E7A4F7556}") = "BullyAlgorithm", "src\BullyAlgorithm\BullyAlgorithm.csproj", "{457D07A9-09D0-491C-9420-2F41A19DCAC8}"
EndProject
Project("{FAE04EC0-301F-11D3-BF4B-00C04F79EFBC}") = "BullyTest", "BullyTest\BullyTest.csproj", "{E121BA71-48AE-4456-A32A-7B1AB078F77D}"
EndProject
Global
	GlobalSection(SolutionConfigurationPlatforms) = preSolution
		Debug|Any CPU = Debug|Any CPU
		Release|Any CPU = Release|Any CPU
	EndGlobalSection
	GlobalSection(ProjectConfigurationPlatforms) = postSolution
		{457D07A9-09D0-491C-9420-2F41A19DCAC8}.Debug|Any CPU.ActiveCfg = Debug|Any CPU
		{457D07A9-09D0-491C-9420-2F41A19DCAC8}.Debug|Any CPU.Build.0 = Debug|Any CPU
		{457D07A9-09D0-491C-9420-2F41A19DCAC8}.Release|Any CPU.ActiveCfg = Release|Any CPU
		{457D07A9-09D0-491C-9420-2F41A19DCAC8}.Release|Any CPU.Build.0 = Release|Any CPU
		{E121BA71-48AE-4456-A32A-7B1AB078F77D}.Debug|Any CPU.ActiveCfg = Debug|Any CPU
		{E121BA71-48AE-4456-A32A-7B1AB078F77D}.Debug|Any CPU.Build.0 = Debug|Any CPU
		{E121BA71-48AE-4456-A32A-7B1AB078F77D}.Release|Any CPU.ActiveCfg = Release|Any CPU
		{E121BA71-48AE-4456-A32A-7B1AB078F77D}.Release|Any CPU.Build.0 = Release|Any CPU
	EndGlobalSection
	GlobalSection(SolutionProperties) = preSolution
		HideSolutionNode = FALSE
	EndGlobalSection
	GlobalSection(ExtensibilityGlobals) = postSolution
		SolutionGuid = {2BA7BB23-07C6-4250-844D-D47AF80488E0}
	EndGlobalSection
EndGlobal
