
Microsoft Visual Studio Solution File, Format Version 12.00
# Visual Studio Version 17
VisualStudioVersion = 17.3.32901.215
MinimumVisualStudioVersion = 10.0.40219.1
Project("{2150E333-8FDC-42A3-9474-1A3956D46DE8}") = "src", "src", "{12873940-B1DA-46FF-A025-50F12B452849}"
EndProject
Project("{9A19103F-16F7-4668-BE54-9A1E7A4F7556}") = "BullyAlgorithm", "src\BullyAlgorithm\BullyAlgorithm.csproj", "{44CA60AC-D199-4EBA-A14A-227A20682C3C}"
EndProject
Project("{9A19103F-16F7-4668-BE54-9A1E7A4F7556}") = "BullyTest", "src\BullyTest\BullyTest.csproj", "{6A77534D-8670-44C6-B3EB-190F272A823E}"
EndProject
Project("{9A19103F-16F7-4668-BE54-9A1E7A4F7556}") = "SimulationApp", "src\SimulationApp\SimulationApp.csproj", "{8FCDD2D5-488B-4954-BCD9-779875D900E6}"
EndProject
Project("{9A19103F-16F7-4668-BE54-9A1E7A4F7556}") = "ProcessConsole", "src\ProcessConsole\ProcessConsole.csproj", "{544EB0AF-A6F7-4B22-9569-F3808C93C5B6}"
EndProject
Project("{FAE04EC0-301F-11D3-BF4B-00C04F79EFBC}") = "ClusterServer", "ClusterServer\ClusterServer.csproj", "{94E72FB4-00CB-4EB9-88E0-43F2CE9C83B9}"
EndProject
Global
	GlobalSection(SolutionConfigurationPlatforms) = preSolution
		Debug|Any CPU = Debug|Any CPU
		Release|Any CPU = Release|Any CPU
	EndGlobalSection
	GlobalSection(ProjectConfigurationPlatforms) = postSolution
		{44CA60AC-D199-4EBA-A14A-227A20682C3C}.Debug|Any CPU.ActiveCfg = Debug|Any CPU
		{44CA60AC-D199-4EBA-A14A-227A20682C3C}.Debug|Any CPU.Build.0 = Debug|Any CPU
		{44CA60AC-D199-4EBA-A14A-227A20682C3C}.Release|Any CPU.ActiveCfg = Release|Any CPU
		{44CA60AC-D199-4EBA-A14A-227A20682C3C}.Release|Any CPU.Build.0 = Release|Any CPU
		{6A77534D-8670-44C6-B3EB-190F272A823E}.Debug|Any CPU.ActiveCfg = Debug|Any CPU
		{6A77534D-8670-44C6-B3EB-190F272A823E}.Debug|Any CPU.Build.0 = Debug|Any CPU
		{6A77534D-8670-44C6-B3EB-190F272A823E}.Release|Any CPU.ActiveCfg = Release|Any CPU
		{6A77534D-8670-44C6-B3EB-190F272A823E}.Release|Any CPU.Build.0 = Release|Any CPU
		{8FCDD2D5-488B-4954-BCD9-779875D900E6}.Debug|Any CPU.ActiveCfg = Debug|Any CPU
		{8FCDD2D5-488B-4954-BCD9-779875D900E6}.Debug|Any CPU.Build.0 = Debug|Any CPU
		{8FCDD2D5-488B-4954-BCD9-779875D900E6}.Release|Any CPU.ActiveCfg = Release|Any CPU
		{8FCDD2D5-488B-4954-BCD9-779875D900E6}.Release|Any CPU.Build.0 = Release|Any CPU
		{544EB0AF-A6F7-4B22-9569-F3808C93C5B6}.Debug|Any CPU.ActiveCfg = Debug|Any CPU
		{544EB0AF-A6F7-4B22-9569-F3808C93C5B6}.Debug|Any CPU.Build.0 = Debug|Any CPU
		{544EB0AF-A6F7-4B22-9569-F3808C93C5B6}.Release|Any CPU.ActiveCfg = Release|Any CPU
		{544EB0AF-A6F7-4B22-9569-F3808C93C5B6}.Release|Any CPU.Build.0 = Release|Any CPU
		{94E72FB4-00CB-4EB9-88E0-43F2CE9C83B9}.Debug|Any CPU.ActiveCfg = Debug|Any CPU
		{94E72FB4-00CB-4EB9-88E0-43F2CE9C83B9}.Debug|Any CPU.Build.0 = Debug|Any CPU
		{94E72FB4-00CB-4EB9-88E0-43F2CE9C83B9}.Release|Any CPU.ActiveCfg = Release|Any CPU
		{94E72FB4-00CB-4EB9-88E0-43F2CE9C83B9}.Release|Any CPU.Build.0 = Release|Any CPU
	EndGlobalSection
	GlobalSection(SolutionProperties) = preSolution
		HideSolutionNode = FALSE
	EndGlobalSection
	GlobalSection(NestedProjects) = preSolution
		{44CA60AC-D199-4EBA-A14A-227A20682C3C} = {12873940-B1DA-46FF-A025-50F12B452849}
		{6A77534D-8670-44C6-B3EB-190F272A823E} = {12873940-B1DA-46FF-A025-50F12B452849}
		{8FCDD2D5-488B-4954-BCD9-779875D900E6} = {12873940-B1DA-46FF-A025-50F12B452849}
		{544EB0AF-A6F7-4B22-9569-F3808C93C5B6} = {12873940-B1DA-46FF-A025-50F12B452849}
		{94E72FB4-00CB-4EB9-88E0-43F2CE9C83B9} = {12873940-B1DA-46FF-A025-50F12B452849}
	EndGlobalSection
	GlobalSection(ExtensibilityGlobals) = postSolution
		SolutionGuid = {2BA7BB23-07C6-4250-844D-D47AF80488E0}
	EndGlobalSection
EndGlobal
